
Microsoft Visual Studio Solution File, Format Version 12.00
# Visual Studio Version 17
VisualStudioVersion = 17.0.32112.339
MinimumVisualStudioVersion = 10.0.40219.1
Project("{FAE04EC0-301F-11D3-BF4B-00C04F79EFBC}") = "Ketab", "Ketab\Ketab.csproj", "{9F86B25E-AD6A-4EAF-A59D-48EC0FBA8C22}"
EndProject
Global
	GlobalSection(SolutionConfigurationPlatforms) = preSolution
		Debug|Any CPU = Debug|Any CPU
		Release|Any CPU = Release|Any CPU
	EndGlobalSection
	GlobalSection(ProjectConfigurationPlatforms) = postSolution
		{9F86B25E-AD6A-4EAF-A59D-48EC0FBA8C22}.Debug|Any CPU.ActiveCfg = Debug|Any CPU
		{9F86B25E-AD6A-4EAF-A59D-48EC0FBA8C22}.Debug|Any CPU.Build.0 = Debug|Any CPU
		{9F86B25E-AD6A-4EAF-A59D-48EC0FBA8C22}.Release|Any CPU.ActiveCfg = Release|Any CPU
		{9F86B25E-AD6A-4EAF-A59D-48EC0FBA8C22}.Release|Any CPU.Build.0 = Release|Any CPU
	EndGlobalSection
	GlobalSection(SolutionProperties) = preSolution
		HideSolutionNode = FALSE
	EndGlobalSection
	GlobalSection(ExtensibilityGlobals) = postSolution
		SolutionGuid = {1B072E96-3B9C-47B6-BC72-84207E704DF2}
	EndGlobalSection
EndGlobal
